
Microsoft Visual Studio Solution File, Format Version 12.00
# Visual Studio 2012
Project("{F2A71F9B-5D33-465A-A702-920D77279786}") = "fspoker", "fspoker\fspoker.fsproj", "{0F8C90FD-ADF1-434F-9762-FAA654205DE6}"
EndProject
Project("{F2A71F9B-5D33-465A-A702-920D77279786}") = "fspoker.tests", "fspoker.tests\fspoker.tests.fsproj", "{9B29E609-6A9D-4549-83F5-9DB84A2FF48E}"
EndProject
Global
	GlobalSection(SolutionConfigurationPlatforms) = preSolution
		Debug|Any CPU = Debug|Any CPU
		Release|Any CPU = Release|Any CPU
	EndGlobalSection
	GlobalSection(ProjectConfigurationPlatforms) = postSolution
		{0F8C90FD-ADF1-434F-9762-FAA654205DE6}.Debug|Any CPU.ActiveCfg = Debug|Any CPU
		{0F8C90FD-ADF1-434F-9762-FAA654205DE6}.Debug|Any CPU.Build.0 = Debug|Any CPU
		{0F8C90FD-ADF1-434F-9762-FAA654205DE6}.Release|Any CPU.ActiveCfg = Release|Any CPU
		{0F8C90FD-ADF1-434F-9762-FAA654205DE6}.Release|Any CPU.Build.0 = Release|Any CPU
		{9B29E609-6A9D-4549-83F5-9DB84A2FF48E}.Debug|Any CPU.ActiveCfg = Debug|Any CPU
		{9B29E609-6A9D-4549-83F5-9DB84A2FF48E}.Debug|Any CPU.Build.0 = Debug|Any CPU
		{9B29E609-6A9D-4549-83F5-9DB84A2FF48E}.Release|Any CPU.ActiveCfg = Release|Any CPU
		{9B29E609-6A9D-4549-83F5-9DB84A2FF48E}.Release|Any CPU.Build.0 = Release|Any CPU
	EndGlobalSection
	GlobalSection(SolutionProperties) = preSolution
		HideSolutionNode = FALSE
	EndGlobalSection
EndGlobal
